
Microsoft Visual Studio Solution File, Format Version 12.00
# Visual Studio Version 17
VisualStudioVersion = 17.8.34316.72
MinimumVisualStudioVersion = 10.0.40219.1
Project("{9A19103F-16F7-4668-BE54-9A1E7A4F7556}") = "SocialQuantum.API", "SocialQuantum.API.csproj", "{192D4C2F-B27E-438E-B611-B2E01413E2D1}"
EndProject
Project("{9A19103F-16F7-4668-BE54-9A1E7A4F7556}") = "SocialQuantum.Domain", "..\SocialQuantum.Domain\SocialQuantum.Domain.csproj", "{A9C14B34-4E4C-400F-9FC4-C4E7340842F8}"
EndProject
Project("{9A19103F-16F7-4668-BE54-9A1E7A4F7556}") = "SocialQuantum.Application", "..\SocialQuantum.Application\SocialQuantum.Application.csproj", "{5AC5074D-B878-4033-B669-89A40B16F297}"
EndProject
Project("{9A19103F-16F7-4668-BE54-9A1E7A4F7556}") = "SocialQuantum.Infra.Data", "..\SocialQuantum.Infra.Data\SocialQuantum.Infra.Data.csproj", "{A1B627EA-C840-4567-97FA-1B0EF767AD89}"
EndProject
Project("{9A19103F-16F7-4668-BE54-9A1E7A4F7556}") = "SocialQuantum.Infra.IoC", "..\SocialQuantum.Infra.IoC\SocialQuantum.Infra.IoC.csproj", "{69F19ED7-5D3E-4243-894E-210FEEBB3826}"
EndProject
Global
	GlobalSection(SolutionConfigurationPlatforms) = preSolution
		Debug|Any CPU = Debug|Any CPU
		Release|Any CPU = Release|Any CPU
	EndGlobalSection
	GlobalSection(ProjectConfigurationPlatforms) = postSolution
		{192D4C2F-B27E-438E-B611-B2E01413E2D1}.Debug|Any CPU.ActiveCfg = Debug|Any CPU
		{192D4C2F-B27E-438E-B611-B2E01413E2D1}.Debug|Any CPU.Build.0 = Debug|Any CPU
		{192D4C2F-B27E-438E-B611-B2E01413E2D1}.Release|Any CPU.ActiveCfg = Release|Any CPU
		{192D4C2F-B27E-438E-B611-B2E01413E2D1}.Release|Any CPU.Build.0 = Release|Any CPU
		{A9C14B34-4E4C-400F-9FC4-C4E7340842F8}.Debug|Any CPU.ActiveCfg = Debug|Any CPU
		{A9C14B34-4E4C-400F-9FC4-C4E7340842F8}.Debug|Any CPU.Build.0 = Debug|Any CPU
		{A9C14B34-4E4C-400F-9FC4-C4E7340842F8}.Release|Any CPU.ActiveCfg = Release|Any CPU
		{A9C14B34-4E4C-400F-9FC4-C4E7340842F8}.Release|Any CPU.Build.0 = Release|Any CPU
		{5AC5074D-B878-4033-B669-89A40B16F297}.Debug|Any CPU.ActiveCfg = Debug|Any CPU
		{5AC5074D-B878-4033-B669-89A40B16F297}.Debug|Any CPU.Build.0 = Debug|Any CPU
		{5AC5074D-B878-4033-B669-89A40B16F297}.Release|Any CPU.ActiveCfg = Release|Any CPU
		{5AC5074D-B878-4033-B669-89A40B16F297}.Release|Any CPU.Build.0 = Release|Any CPU
		{A1B627EA-C840-4567-97FA-1B0EF767AD89}.Debug|Any CPU.ActiveCfg = Debug|Any CPU
		{A1B627EA-C840-4567-97FA-1B0EF767AD89}.Debug|Any CPU.Build.0 = Debug|Any CPU
		{A1B627EA-C840-4567-97FA-1B0EF767AD89}.Release|Any CPU.ActiveCfg = Release|Any CPU
		{A1B627EA-C840-4567-97FA-1B0EF767AD89}.Release|Any CPU.Build.0 = Release|Any CPU
		{69F19ED7-5D3E-4243-894E-210FEEBB3826}.Debug|Any CPU.ActiveCfg = Debug|Any CPU
		{69F19ED7-5D3E-4243-894E-210FEEBB3826}.Debug|Any CPU.Build.0 = Debug|Any CPU
		{69F19ED7-5D3E-4243-894E-210FEEBB3826}.Release|Any CPU.ActiveCfg = Release|Any CPU
		{69F19ED7-5D3E-4243-894E-210FEEBB3826}.Release|Any CPU.Build.0 = Release|Any CPU
	EndGlobalSection
	GlobalSection(SolutionProperties) = preSolution
		HideSolutionNode = FALSE
	EndGlobalSection
	GlobalSection(ExtensibilityGlobals) = postSolution
		SolutionGuid = {85014AFC-AD51-44BA-98B8-E76FBE865A70}
	EndGlobalSection
EndGlobal
